{
    "_readme": [
        "This file locks the dependencies of your project to a known state",
        "Read more about it at https://getcomposer.org/doc/01-basic-usage.md#composer-lock-the-lock-file",
        "This file is @generated automatically"
    ],
    "hash": "5df30ff6c2051cbb30f5324e1bd54c8f",
    "content-hash": "941857b8379a1d21af0fed27ae7d8292",
    "packages": [
        {
            "name": "league/color-extractor",
            "version": "0.3.2",
            "source": {
                "type": "git",
                "url": "https://github.com/thephpleague/color-extractor.git",
                "reference": "837086ec60f50c84c611c613963e4ad2e2aec806"
            },
            "dist": {
                "type": "zip",
                "url": "https://api.github.com/repos/thephpleague/color-extractor/zipball/837086ec60f50c84c611c613963e4ad2e2aec806",
                "reference": "837086ec60f50c84c611c613963e4ad2e2aec806",
                "shasum": ""
            },
            "require": {
                "ext-gd": "*",
                "php": ">=5.4.0"
            },
            "replace": {
                "matthecat/colorextractor": "*"
            },
            "require-dev": {
                "friendsofphp/php-cs-fixer": "~2",
                "phpunit/phpunit": "~5"
            },
            "type": "library",
            "autoload": {
                "psr-4": {
                    "": "src"
                }
            },
            "notification-url": "https://packagist.org/downloads/",
            "license": [
                "MIT"
            ],
            "authors": [
                {
                    "name": "Mathieu Lechat",
                    "email": "math.lechat@gmail.com",
                    "homepage": "http://matthecat.com",
                    "role": "Developer"
                }
            ],
            "description": "Extract colors from an image as a human would do.",
            "homepage": "https://github.com/thephpleague/color-extractor",
            "keywords": [
                "color",
                "extract",
                "human",
                "image",
                "palette"
            ],
            "time": "2016-12-15 09:30:02"
        }
    ],
    "packages-dev": [],
    "aliases": [],
    "minimum-stability": "stable",
    "stability-flags": [],
    "prefer-stable": false,
    "prefer-lowest": false,
    "platform": [],
    "platform-dev": []
}
